
Microsoft Visual Studio Solution File, Format Version 12.00
# Visual Studio Version 16
VisualStudioVersion = 16.0.32126.315
MinimumVisualStudioVersion = 10.0.40219.1
Project("{8BC9CEB8-8B4A-11D0-8D11-00A0C91BC942}") = "QuickSortAVX", "QuickSortAVX.vcxproj", "{4C1CB5BD-98BC-4F33-9B4C-90AEA2AF385A}"
EndProject
Global
	GlobalSection(SolutionConfigurationPlatforms) = preSolution
		Debug|x64 = Debug|x64
		Debug|x86 = Debug|x86
		Release|x64 = Release|x64
		Release|x86 = Release|x86
	EndGlobalSection
	GlobalSection(ProjectConfigurationPlatforms) = postSolution
		{4C1CB5BD-98BC-4F33-9B4C-90AEA2AF385A}.Debug|x64.ActiveCfg = Debug|x64
		{4C1CB5BD-98BC-4F33-9B4C-90AEA2AF385A}.Debug|x64.Build.0 = Debug|x64
		{4C1CB5BD-98BC-4F33-9B4C-90AEA2AF385A}.Debug|x86.ActiveCfg = Debug|Win32
		{4C1CB5BD-98BC-4F33-9B4C-90AEA2AF385A}.Debug|x86.Build.0 = Debug|Win32
		{4C1CB5BD-98BC-4F33-9B4C-90AEA2AF385A}.Release|x64.ActiveCfg = Release|x64
		{4C1CB5BD-98BC-4F33-9B4C-90AEA2AF385A}.Release|x64.Build.0 = Release|x64
		{4C1CB5BD-98BC-4F33-9B4C-90AEA2AF385A}.Release|x86.ActiveCfg = Release|Win32
		{4C1CB5BD-98BC-4F33-9B4C-90AEA2AF385A}.Release|x86.Build.0 = Release|Win32
	EndGlobalSection
	GlobalSection(SolutionProperties) = preSolution
		HideSolutionNode = FALSE
	EndGlobalSection
	GlobalSection(ExtensibilityGlobals) = postSolution
		SolutionGuid = {B71F262A-82B9-4EE8-8D0B-E41E9F277DDE}
	EndGlobalSection
EndGlobal
